PODS:
  - Crashlytics (3.14.0):
    - Fabric (~> 1.10.2)
  - Fabric (1.10.2)
  - FlexDataSource (0.1.6):
    - fuikit
  - fuikit (0.0.7)
  - FunNet/Combine (0.0.1):
    - FunNet/Core
    - LithoOperators
  - FunNet/Core (0.0.1):
    - LithoOperators
  - GPUImage (0.1.7)
  - LithoOperators (0.0.15):
    - Prelude
  - LUX (0.2.5):
    - LUX/AppOpenFlow (= 0.2.5)
    - LUX/Auth (= 0.2.5)
    - LUX/Base (= 0.2.5)
    - LUX/BaseAppOpenFlow (= 0.2.5)
    - LUX/BaseCollectionViews (= 0.2.5)
    - LUX/BaseFunctional (= 0.2.5)
    - LUX/BaseNetworking (= 0.2.5)
    - LUX/BaseTableViews (= 0.2.5)
    - LUX/CollectionViews (= 0.2.5)
    - LUX/Networking (= 0.2.5)
    - LUX/Search (= 0.2.5)
    - LUX/TableViews (= 0.2.5)
    - LUX/Utilities (= 0.2.5)
  - LUX/AppOpenFlow (0.2.5):
    - LUX/Auth
    - LUX/Networking
  - LUX/Auth (0.2.5)
  - LUX/Base (0.2.5):
    - FlexDataSource
    - fuikit
    - FunNet/Core
    - LithoOperators
    - Prelude (~> 3.0)
    - SDWebImage
    - Slippers
  - LUX/BaseAppOpenFlow (0.2.5):
    - LUX/BaseFunctional
  - LUX/BaseCollectionViews (0.2.5):
    - FlexDataSource
    - LUX/BaseFunctional
  - LUX/BaseFunctional (0.2.5)
  - LUX/BaseNetworking (0.2.5):
    - FunNet/Core
    - LUX/Auth
    - Slippers
  - LUX/BaseTableViews (0.2.5):
    - FlexDataSource
    - LUX/BaseFunctional
  - LUX/CollectionViews (0.2.5):
    - LUX/BaseCollectionViews
  - LUX/Networking (0.2.5):
    - FunNet/Combine
    - LUX/BaseNetworking
  - LUX/Search (0.2.5):
    - LUX/TableViews
  - LUX/TableViews (0.2.5):
    - LUX/BaseTableViews
  - LUX/Utilities (0.2.5):
    - Prelude (~> 3.0)
  - OneSignal (2.15.4)
  - PlaygroundVCHelpers (0.0.2)
  - Prelude (3.0.0)
  - SBNag.swift (0.0.2):
    - SwiftDate
  - SDWebImage (5.9.4):
    - SDWebImage/Core (= 5.9.4)
  - SDWebImage/Core (5.9.4)
  - Slippers (0.0.2)
  - SwiftDate (6.2.0)
  - TwitterCore (3.2.0)
  - TwitterKit (3.4.2):
    - TwitterCore (>= 3.2.0)

DEPENDENCIES:
  - Crashlytics
  - Fabric
  - FlexDataSource (from `https://github.com/ThryvInc/flex-data-source`)
  - FunNet/Combine (from `https://github.com/schrockblock/funnet`)
  - GPUImage
  - LithoOperators (from `https://github.com/ThryvInc/LithoOperators`)
  - LUX (from `https://github.com/ThryvInc/LUX`)
  - OneSignal
  - PlaygroundVCHelpers (from `https://github.com/ThryvInc/playground-vc-helpers`)
  - SBNag.swift
  - TwitterKit

SPEC REPOS:
  trunk:
    - Crashlytics
    - Fabric
    - fuikit
    - GPUImage
    - OneSignal
    - Prelude
    - SBNag.swift
    - SDWebImage
    - Slippers
    - SwiftDate
    - TwitterCore
    - TwitterKit

EXTERNAL SOURCES:
  FlexDataSource:
    :git: https://github.com/ThryvInc/flex-data-source
  FunNet:
    :git: https://github.com/schrockblock/funnet
  LithoOperators:
    :git: https://github.com/ThryvInc/LithoOperators
  LUX:
    :git: https://github.com/ThryvInc/LUX
  PlaygroundVCHelpers:
    :git: https://github.com/ThryvInc/playground-vc-helpers

CHECKOUT OPTIONS:
  FlexDataSource:
    :commit: ff640567fcbcf7f2db09b5264614dc4bc5811a5f
    :git: https://github.com/ThryvInc/flex-data-source
  FunNet:
    :commit: e56bc9bdb94db1df53f6a84c4041b2dc72bbd6cb
    :git: https://github.com/schrockblock/funnet
  LithoOperators:
    :commit: b2ad9e7bf37efebe935c661f6dbb7c1b0a16acd6
    :git: https://github.com/ThryvInc/LithoOperators
  LUX:
    :commit: 765f72b72e8f1761fa50c17bcaa2032e0e8c1fde
    :git: https://github.com/ThryvInc/LUX
  PlaygroundVCHelpers:
    :commit: 1b1f5ed572a1965e1d52bbc1b21f3796a6f144e2
    :git: https://github.com/ThryvInc/playground-vc-helpers

SPEC CHECKSUMS:
  Crashlytics: 9220f5bc89e7a618df411b4f639389dbfb0e03d2
  Fabric: ea977e3cd9c20425516d3dafd3bf8c941c51223f
  FlexDataSource: 411e77d3a933d71ae3094e3d4d6ccedd3419f29e
  fuikit: 9e4c918280be6b292e4564564dd11495e5f91861
  FunNet: d3a58cf3092d9ec4c9ca9338c4f20fcc7e0eebad
  GPUImage: 733a5f0fab92df9de1c37ba9df520a833ccb406d
  LithoOperators: ce63ed2535e2fa279d521eb76ac3d23743a3fdc6
  LUX: e8f5f0e3a89671b6fa7f32bbc03d07e437867fed
  OneSignal: 6647275955d0f06d9e17c90dc93af9d85ecfd2b9
  PlaygroundVCHelpers: c7cc8994d2851ebd1590217101b4c6888d1c9cc8
  Prelude: fe4cc0fd961d34edf48fe6b04d05c863449efb0a
  SBNag.swift: 57ae1aa7799765e2452aaa02f97ee1aca0ed396d
  SDWebImage: b69257f4ab14e9b6a2ef53e910fdf914d8f757c1
  Slippers: c4f8bf3e0ffcd2bacf7f5ccbf00bc8fa4a4b3635
  SwiftDate: d117c3eb6beed72e47d3f4d1e3bc63fa1e66d7c3
  TwitterCore: 8cbc9ad34d91c63a0035ea05bfbfc0d7ca72a28c
  TwitterKit: 5e4f41d70b9abdb41df5467f52d7aa2c0fd26ebb

PODFILE CHECKSUM: 9c2b7c47b6dccb97e211b4b6cd00201e116fccf2

COCOAPODS: 1.9.0
